
Microsoft Visual Studio Solution File, Format Version 12.00
# Visual Studio 15
Project("{FAE04EC0-301F-11D3-BF4B-00C04F79EFBC}") = "ChangeMgmt.Data", "ChangeMgmt.Data\ChangeMgmt.Data.csproj", "{424F7189-D979-44C2-9B7E-B2600FAB3225}"
EndProject
Project("{FAE04EC0-301F-11D3-BF4B-00C04F79EFBC}") = "ChangeMgmt.Common", "ChangeMgmt.Common\ChangeMgmt.Common.csproj", "{CF8214B9-DCF5-4ACC-960A-15D1DCD9D82D}"
EndProject
Project("{2150E333-8FDC-42A3-9474-1A3956D46DE8}") = "Solution Items", "Solution Items", "{A46CB432-1462-4529-9521-214C8F2A839C}"
	ProjectSection(SolutionItems) = preProject
		README.md = README.md
	EndProjectSection
EndProject
Project("{FAE04EC0-301F-11D3-BF4B-00C04F79EFBC}") = "PlayGround", "PlayGround\PlayGround.csproj", "{296D9D91-1782-4155-91E9-CE2CB03FBB12}"
EndProject
Global
	GlobalSection(SolutionConfigurationPlatforms) = preSolution
		Debug|Any CPU = Debug|Any CPU
		Release|Any CPU = Release|Any CPU
	EndGlobalSection
	GlobalSection(ProjectConfigurationPlatforms) = postSolution
		{424F7189-D979-44C2-9B7E-B2600FAB3225}.Debug|Any CPU.ActiveCfg = Debug|Any CPU
		{424F7189-D979-44C2-9B7E-B2600FAB3225}.Debug|Any CPU.Build.0 = Debug|Any CPU
		{424F7189-D979-44C2-9B7E-B2600FAB3225}.Release|Any CPU.ActiveCfg = Release|Any CPU
		{424F7189-D979-44C2-9B7E-B2600FAB3225}.Release|Any CPU.Build.0 = Release|Any CPU
		{CF8214B9-DCF5-4ACC-960A-15D1DCD9D82D}.Debug|Any CPU.ActiveCfg = Debug|Any CPU
		{CF8214B9-DCF5-4ACC-960A-15D1DCD9D82D}.Debug|Any CPU.Build.0 = Debug|Any CPU
		{CF8214B9-DCF5-4ACC-960A-15D1DCD9D82D}.Release|Any CPU.ActiveCfg = Release|Any CPU
		{CF8214B9-DCF5-4ACC-960A-15D1DCD9D82D}.Release|Any CPU.Build.0 = Release|Any CPU
		{296D9D91-1782-4155-91E9-CE2CB03FBB12}.Debug|Any CPU.ActiveCfg = Debug|Any CPU
		{296D9D91-1782-4155-91E9-CE2CB03FBB12}.Debug|Any CPU.Build.0 = Debug|Any CPU
		{296D9D91-1782-4155-91E9-CE2CB03FBB12}.Release|Any CPU.ActiveCfg = Release|Any CPU
		{296D9D91-1782-4155-91E9-CE2CB03FBB12}.Release|Any CPU.Build.0 = Release|Any CPU
	EndGlobalSection
EndGlobal
